// !$*UTF8*$!
{
	archiveVersion = 1;
	classes = {
	};
	objectVersion = 77;
	objects = {

/* Begin PBXContainerItemProxy section */
		A0AF6DE62DE3A1A500B0D838 /* PBXContainerItemProxy */ = {
			isa = PBXContainerItemProxy;
			containerPortal = A0AF6DD02DE3A1A300B0D838 /* Project object */;
			proxyType = 1;
			remoteGlobalIDString = A0AF6DD72DE3A1A300B0D838;
			remoteInfo = PS5NORMacApp;
		};
		A0AF6DF02DE3A1A500B0D838 /* PBXContainerItemProxy */ = {
			isa = PBXContainerItemProxy;
			containerPortal = A0AF6DD02DE3A1A300B0D838 /* Project object */;
			proxyType = 1;
			remoteGlobalIDString = A0AF6DD72DE3A1A300B0D838;
			remoteInfo = PS5NORMacApp;
		};
/* End PBXContainerItemProxy section */

/* Begin PBXCopyFilesBuildPhase section */
		A099AEF62DED1950005ED7EE /* Embed Frameworks */ = {
			isa = PBXCopyFilesBuildPhase;
			buildActionMask = 2147483647;
			dstPath = "";
			dstSubfolderSpec = 10;
			files = (
			);
			name = "Embed Frameworks";
			runOnlyForDeploymentPostprocessing = 0;
		};
/* End PBXCopyFilesBuildPhase section */

/* Begin PBXFileReference section */
		A0AF6DD82DE3A1A300B0D838 /* PS5NORMacApp.app */ = {isa = PBXFileReference; explicitFileType = wrapper.application; includeInIndex = 0; path = PS5NORMacApp.app; sourceTree = BUILT_PRODUCTS_DIR; };
		A0AF6DE52DE3A1A500B0D838 /* PS5NORMacAppTests.xctest */ = {isa = PBXFileReference; explicitFileType = wrapper.cfbundle; includeInIndex = 0; path = PS5NORMacAppTests.xctest; sourceTree = BUILT_PRODUCTS_DIR; };
		A0AF6DEF2DE3A1A500B0D838 /* PS5NORMacAppUITests.xctest */ = {isa = PBXFileReference; explicitFileType = wrapper.cfbundle; includeInIndex = 0; path = PS5NORMacAppUITests.xctest; sourceTree = BUILT_PRODUCTS_DIR; };
/* End PBXFileReference section */

/* Begin PBXFileSystemSynchronizedBuildFileExceptionSet section */
		A09B79F42DED28910021CE7C /* Exceptions for "PS5NORMacApp" folder in "PS5NORMacApp" target */ = {
			isa = PBXFileSystemSynchronizedBuildFileExceptionSet;
			membershipExceptions = (
				release.yml,
			);
			target = A0AF6DD72DE3A1A300B0D838 /* PS5NORMacApp */;
		};
/* End PBXFileSystemSynchronizedBuildFileExceptionSet section */

/* Begin PBXFileSystemSynchronizedRootGroup section */
		A0AF6DDA2DE3A1A300B0D838 /* PS5NORMacApp */ = {
			isa = PBXFileSystemSynchronizedRootGroup;
			exceptions = (
				A09B79F42DED28910021CE7C /* Exceptions for "PS5NORMacApp" folder in "PS5NORMacApp" target */,
			);
			path = PS5NORMacApp;
			sourceTree = "<group>";
		};
		A0AF6DE82DE3A1A500B0D838 /* PS5NORMacAppTests */ = {
			isa = PBXFileSystemSynchronizedRootGroup;
			path = PS5NORMacAppTests;
			sourceTree = "<group>";
		};
		A0AF6DF22DE3A1A500B0D838 /* PS5NORMacAppUITests */ = {
			isa = PBXFileSystemSynchronizedRootGroup;
			path = PS5NORMacAppUITests;
			sourceTree = "<group>";
		};
/* End PBXFileSystemSynchronizedRootGroup section */

/* Begin PBXFrameworksBuildPhase section */
		A0AF6DD52DE3A1A300B0D838 /* Frameworks */ = {
			isa = PBXFrameworksBuildPhase;
			buildActionMask = 2147483647;
			files = (
			);
			runOnlyForDeploymentPostprocessing = 0;
		};
		A0AF6DE22DE3A1A500B0D838 /* Frameworks */ = {
			isa = PBXFrameworksBuildPhase;
			buildActionMask = 2147483647;
			files = (
			);
			runOnlyForDeploymentPostprocessing = 0;
		};
		A0AF6DEC2DE3A1A500B0D838 /* Frameworks */ = {
			isa = PBXFrameworksBuildPhase;
			buildActionMask = 2147483647;
			files = (
			);
			runOnlyForDeploymentPostprocessing = 0;
		};
/* End PBXFrameworksBuildPhase section */

/* Begin PBXGroup section */
		A099AED82DED1931005ED7EE /* Frameworks */ = {
			isa = PBXGroup;
			children = (
			);
			name = Frameworks;
			sourceTree = "<group>";
		};
		A0AF6DCF2DE3A1A300B0D838 = {
			isa = PBXGroup;
			children = (
				A0AF6DDA2DE3A1A300B0D838 /* PS5NORMacApp */,
				A0AF6DE82DE3A1A500B0D838 /* PS5NORMacAppTests */,
				A0AF6DF22DE3A1A500B0D838 /* PS5NORMacAppUITests */,
				A099AED82DED1931005ED7EE /* Frameworks */,
				A0AF6DD92DE3A1A300B0D838 /* Products */,
			);
			sourceTree = "<group>";
		};
		A0AF6DD92DE3A1A300B0D838 /* Products */ = {
			isa = PBXGroup;
			children = (
				A0AF6DD82DE3A1A300B0D838 /* PS5NORMacApp.app */,
				A0AF6DE52DE3A1A500B0D838 /* PS5NORMacAppTests.xctest */,
				A0AF6DEF2DE3A1A500B0D838 /* PS5NORMacAppUITests.xctest */,
			);
			name = Products;
			sourceTree = "<group>";
		};
/* End PBXGroup section */

/* Begin PBXNativeTarget section */
		A0AF6DD72DE3A1A300B0D838 /* PS5NORMacApp */ = {
			isa = PBXNativeTarget;
			buildConfigurationList = A0AF6DF92DE3A1A500B0D838 /* Build configuration list for PBXNativeTarget "PS5NORMacApp" */;
			buildPhases = (
				A0AF6DD42DE3A1A300B0D838 /* Sources */,
				A0AF6DD52DE3A1A300B0D838 /* Frameworks */,
				A0AF6DD62DE3A1A300B0D838 /* Resources */,
				A099AEF62DED1950005ED7EE /* Embed Frameworks */,
			);
			buildRules = (
			);
			dependencies = (
			);
			fileSystemSynchronizedGroups = (
				A0AF6DDA2DE3A1A300B0D838 /* PS5NORMacApp */,
			);
			name = PS5NORMacApp;
			packageProductDependencies = (
			);
			productName = PS5NORMacApp;
			productReference = A0AF6DD82DE3A1A300B0D838 /* PS5NORMacApp.app */;
			productType = "com.apple.product-type.application";
		};
		A0AF6DE42DE3A1A500B0D838 /* PS5NORMacAppTests */ = {
			isa = PBXNativeTarget;
			buildConfigurationList = A0AF6DFC2DE3A1A500B0D838 /* Build configuration list for PBXNativeTarget "PS5NORMacAppTests" */;
			buildPhases = (
				A0AF6DE12DE3A1A500B0D838 /* Sources */,
				A0AF6DE22DE3A1A500B0D838 /* Frameworks */,
				A0AF6DE32DE3A1A500B0D838 /* Resources */,
			);
			buildRules = (
			);
			dependencies = (
				A0AF6DE72DE3A1A500B0D838 /* PBXTargetDependency */,
			);
			fileSystemSynchronizedGroups = (
				A0AF6DE82DE3A1A500B0D838 /* PS5NORMacAppTests */,
			);
			name = PS5NORMacAppTests;
			packageProductDependencies = (
			);
			productName = PS5NORMacAppTests;
			productReference = A0AF6DE52DE3A1A500B0D838 /* PS5NORMacAppTests.xctest */;
			productType = "com.apple.product-type.bundle.unit-test";
		};
		A0AF6DEE2DE3A1A500B0D838 /* PS5NORMacAppUITests */ = {
			isa = PBXNativeTarget;
			buildConfigurationList = A0AF6DFF2DE3A1A500B0D838 /* Build configuration list for PBXNativeTarget "PS5NORMacAppUITests" */;
			buildPhases = (
				A0AF6DEB2DE3A1A500B0D838 /* Sources */,
				A0AF6DEC2DE3A1A500B0D838 /* Frameworks */,
				A0AF6DED2DE3A1A500B0D838 /* Resources */,
			);
			buildRules = (
			);
			dependencies = (
				A0AF6DF12DE3A1A500B0D838 /* PBXTargetDependency */,
			);
			fileSystemSynchronizedGroups = (
				A0AF6DF22DE3A1A500B0D838 /* PS5NORMacAppUITests */,
			);
			name = PS5NORMacAppUITests;
			packageProductDependencies = (
			);
			productName = PS5NORMacAppUITests;
			productReference = A0AF6DEF2DE3A1A500B0D838 /* PS5NORMacAppUITests.xctest */;
			productType = "com.apple.product-type.bundle.ui-testing";
		};
/* End PBXNativeTarget section */

/* Begin PBXProject section */
		A0AF6DD02DE3A1A300B0D838 /* Project object */ = {
			isa = PBXProject;
			attributes = {
				BuildIndependentTargetsInParallel = NO;
				KnownAssetTags = (
					New,
				);
				LastSwiftUpdateCheck = 1630;
				LastUpgradeCheck = 1630;
				TargetAttributes = {
					A0AF6DD72DE3A1A300B0D838 = {
						CreatedOnToolsVersion = 16.3;
					};
					A0AF6DE42DE3A1A500B0D838 = {
						CreatedOnToolsVersion = 16.3;
						TestTargetID = A0AF6DD72DE3A1A300B0D838;
					};
					A0AF6DEE2DE3A1A500B0D838 = {
						CreatedOnToolsVersion = 16.3;
						TestTargetID = A0AF6DD72DE3A1A300B0D838;
					};
				};
			};
			buildConfigurationList = A0AF6DD32DE3A1A300B0D838 /* Build configuration list for PBXProject "PS5NORMacApp" */;
			developmentRegion = en;
			hasScannedForEncodings = 0;
			knownRegions = (
				en,
				Base,
			);
			mainGroup = A0AF6DCF2DE3A1A300B0D838;
			minimizedProjectReferenceProxies = 1;
			packageReferences = (
			);
			preferredProjectObjectVersion = 77;
			productRefGroup = A0AF6DD92DE3A1A300B0D838 /* Products */;
			projectDirPath = "";
			projectRoot = "";
			targets = (
				A0AF6DD72DE3A1A300B0D838 /* PS5NORMacApp */,
				A0AF6DE42DE3A1A500B0D838 /* PS5NORMacAppTests */,
				A0AF6DEE2DE3A1A500B0D838 /* PS5NORMacAppUITests */,
			);
		};
/* End PBXProject section */

/* Begin PBXResourcesBuildPhase section */
		A0AF6DD62DE3A1A300B0D838 /* Resources */ = {
			isa = PBXResourcesBuildPhase;
			buildActionMask = 2147483647;
			files = (
			);
			runOnlyForDeploymentPostprocessing = 0;
		};
		A0AF6DE32DE3A1A500B0D838 /* Resources */ = {
			isa = PBXResourcesBuildPhase;
			buildActionMask = 2147483647;
			files = (
			);
			runOnlyForDeploymentPostprocessing = 0;
		};
		A0AF6DED2DE3A1A500B0D838 /* Resources */ = {
			isa = PBXResourcesBuildPhase;
			buildActionMask = 2147483647;
			files = (
			);
			runOnlyForDeploymentPostprocessing = 0;
		};
/* End PBXResourcesBuildPhase section */

/* Begin PBXSourcesBuildPhase section */
		A0AF6DD42DE3A1A300B0D838 /* Sources */ = {
			isa = PBXSourcesBuildPhase;
			buildActionMask = 2147483647;
			files = (
			);
			runOnlyForDeploymentPostprocessing = 0;
		};
		A0AF6DE12DE3A1A500B0D838 /* Sources */ = {
			isa = PBXSourcesBuildPhase;
			buildActionMask = 2147483647;
			files = (
			);
			runOnlyForDeploymentPostprocessing = 0;
		};
		A0AF6DEB2DE3A1A500B0D838 /* Sources */ = {
			isa = PBXSourcesBuildPhase;
			buildActionMask = 2147483647;
			files = (
			);
			runOnlyForDeploymentPostprocessing = 0;
		};
/* End PBXSourcesBuildPhase section */

/* Begin PBXTargetDependency section */
		A0AF6DE72DE3A1A500B0D838 /* PBXTargetDependency */ = {
			isa = PBXTargetDependency;
			target = A0AF6DD72DE3A1A300B0D838 /* PS5NORMacApp */;
			targetProxy = A0AF6DE62DE3A1A500B0D838 /* PBXContainerItemProxy */;
		};
		A0AF6DF12DE3A1A500B0D838 /* PBXTargetDependency */ = {
			isa = PBXTargetDependency;
			target = A0AF6DD72DE3A1A300B0D838 /* PS5NORMacApp */;
			targetProxy = A0AF6DF02DE3A1A500B0D838 /* PBXContainerItemProxy */;
		};
/* End PBXTargetDependency section */

/* Begin XCBuildConfiguration section */
		A0AF6DF72DE3A1A500B0D838 /* Debug */ = {
			isa = XCBuildConfiguration;
			buildSettings = {
				ALWAYS_SEARCH_USER_PATHS = NO;
				ASSETCATALOG_COMPILER_GENERATE_SWIFT_ASSET_SYMBOL_EXTENSIONS = YES;
				CLANG_ANALYZER_NONNULL = YES;
				CLANG_ANALYZER_NUMBER_OBJECT_CONVERSION = YES_AGGRESSIVE;
				CLANG_CXX_LANGUAGE_STANDARD = "gnu++20";
				CLANG_ENABLE_MODULES = YES;
				CLANG_ENABLE_OBJC_ARC = YES;
				CLANG_ENABLE_OBJC_WEAK = YES;
				CLANG_WARN_BLOCK_CAPTURE_AUTORELEASING = YES;
				CLANG_WARN_BOOL_CONVERSION = YES;
				CLANG_WARN_COMMA = YES;
				CLANG_WARN_CONSTANT_CONVERSION = YES;
				CLANG_WARN_DEPRECATED_OBJC_IMPLEMENTATIONS = YES;
				CLANG_WARN_DIRECT_OBJC_ISA_USAGE = YES_ERROR;
				CLANG_WARN_DOCUMENTATION_COMMENTS = YES;
				CLANG_WARN_EMPTY_BODY = YES;
				CLANG_WARN_ENUM_CONVERSION = YES;
				CLANG_WARN_INFINITE_RECURSION = YES;
				CLANG_WARN_INT_CONVERSION = YES;
				CLANG_WARN_NON_LITERAL_NULL_CONVERSION = YES;
				CLANG_WARN_OBJC_IMPLICIT_RETAIN_SELF = YES;
				CLANG_WARN_OBJC_LITERAL_CONVERSION = YES;
				CLANG_WARN_OBJC_ROOT_CLASS = YES_ERROR;
				CLANG_WARN_QUOTED_INCLUDE_IN_FRAMEWORK_HEADER = YES;
				CLANG_WARN_RANGE_LOOP_ANALYSIS = YES;
				CLANG_WARN_STRICT_PROTOTYPES = YES;
				CLANG_WARN_SUSPICIOUS_MOVE = YES;
				CLANG_WARN_UNGUARDED_AVAILABILITY = YES_AGGRESSIVE;
				CLANG_WARN_UNREACHABLE_CODE = YES;
				CLANG_WARN__DUPLICATE_METHOD_MATCH = YES;
				COPY_PHASE_STRIP = NO;
				DEBUG_INFORMATION_FORMAT = dwarf;
				DEVELOPMENT_TEAM = K6293UD486;
				ENABLE_STRICT_OBJC_MSGSEND = YES;
				ENABLE_TESTABILITY = YES;
				ENABLE_USER_SCRIPT_SANDBOXING = YES;
				GCC_C_LANGUAGE_STANDARD = gnu17;
				GCC_DYNAMIC_NO_PIC = NO;
				GCC_NO_COMMON_BLOCKS = YES;
				GCC_OPTIMIZATION_LEVEL = 0;
				GCC_PREPROCESSOR_DEFINITIONS = (
					"DEBUG=1",
					"$(inherited)",
				);
				GCC_WARN_64_TO_32_BIT_CONVERSION = YES;
				GCC_WARN_ABOUT_RETURN_TYPE = YES_ERROR;
				GCC_WARN_UNDECLARED_SELECTOR = YES;
				GCC_WARN_UNINITIALIZED_AUTOS = YES_AGGRESSIVE;
				GCC_WARN_UNUSED_FUNCTION = YES;
				GCC_WARN_UNUSED_VARIABLE = YES;
				IPHONEOS_DEPLOYMENT_TARGET = 18.4;
				LOCALIZATION_PREFERS_STRING_CATALOGS = YES;
				MTL_ENABLE_DEBUG_INFO = INCLUDE_SOURCE;
				MTL_FAST_MATH = YES;
				ONLY_ACTIVE_ARCH = YES;
				SDKROOT = macosx;
				SWIFT_ACTIVE_COMPILATION_CONDITIONS = "DEBUG $(inherited)";
				SWIFT_OPTIMIZATION_LEVEL = "-Onone";
			};
			name = Debug;
		};
		A0AF6DF82DE3A1A500B0D838 /* Release */ = {
			isa = XCBuildConfiguration;
			buildSettings = {
				ALWAYS_SEARCH_USER_PATHS = NO;
				ASSETCATALOG_COMPILER_GENERATE_SWIFT_ASSET_SYMBOL_EXTENSIONS = YES;
				CLANG_ANALYZER_NONNULL = YES;
				CLANG_ANALYZER_NUMBER_OBJECT_CONVERSION = YES_AGGRESSIVE;
				CLANG_CXX_LANGUAGE_STANDARD = "gnu++20";
				CLANG_ENABLE_MODULES = YES;
				CLANG_ENABLE_OBJC_ARC = YES;
				CLANG_ENABLE_OBJC_WEAK = YES;
				CLANG_WARN_BLOCK_CAPTURE_AUTORELEASING = YES;
				CLANG_WARN_BOOL_CONVERSION = YES;
				CLANG_WARN_COMMA = YES;
				CLANG_WARN_CONSTANT_CONVERSION = YES;
				CLANG_WARN_DEPRECATED_OBJC_IMPLEMENTATIONS = YES;
				CLANG_WARN_DIRECT_OBJC_ISA_USAGE = YES_ERROR;
				CLANG_WARN_DOCUMENTATION_COMMENTS = YES;
				CLANG_WARN_EMPTY_BODY = YES;
				CLANG_WARN_ENUM_CONVERSION = YES;
				CLANG_WARN_INFINITE_RECURSION = YES;
				CLANG_WARN_INT_CONVERSION = YES;
				CLANG_WARN_NON_LITERAL_NULL_CONVERSION = YES;
				CLANG_WARN_OBJC_IMPLICIT_RETAIN_SELF = YES;
				CLANG_WARN_OBJC_LITERAL_CONVERSION = YES;
				CLANG_WARN_OBJC_ROOT_CLASS = YES_ERROR;
				CLANG_WARN_QUOTED_INCLUDE_IN_FRAMEWORK_HEADER = YES;
				CLANG_WARN_RANGE_LOOP_ANALYSIS = YES;
				CLANG_WARN_STRICT_PROTOTYPES = YES;
				CLANG_WARN_SUSPICIOUS_MOVE = YES;
				CLANG_WARN_UNGUARDED_AVAILABILITY = YES_AGGRESSIVE;
				CLANG_WARN_UNREACHABLE_CODE = YES;
				CLANG_WARN__DUPLICATE_METHOD_MATCH = YES;
				COPY_PHASE_STRIP = NO;
				DEBUG_INFORMATION_FORMAT = dwarf;
				DEVELOPMENT_TEAM = K6293UD486;
				ENABLE_NS_ASSERTIONS = NO;
				ENABLE_STRICT_OBJC_MSGSEND = YES;
				ENABLE_USER_SCRIPT_SANDBOXING = YES;
				GCC_C_LANGUAGE_STANDARD = gnu17;
				GCC_NO_COMMON_BLOCKS = YES;
				GCC_WARN_64_TO_32_BIT_CONVERSION = YES;
				GCC_WARN_ABOUT_RETURN_TYPE = YES_ERROR;
				GCC_WARN_UNDECLARED_SELECTOR = YES;
				GCC_WARN_UNINITIALIZED_AUTOS = YES_AGGRESSIVE;
				GCC_WARN_UNUSED_FUNCTION = YES;
				GCC_WARN_UNUSED_VARIABLE = YES;
				IPHONEOS_DEPLOYMENT_TARGET = 18.4;
				LOCALIZATION_PREFERS_STRING_CATALOGS = YES;
				MTL_ENABLE_DEBUG_INFO = NO;
				MTL_FAST_MATH = YES;
				SDKROOT = macosx;
				SWIFT_COMPILATION_MODE = wholemodule;
				VALIDATE_PRODUCT = YES;
			};
			name = Release;
		};
		A0AF6DFA2DE3A1A500B0D838 /* Debug */ = {
			isa = XCBuildConfiguration;
			buildSettings = {
				ASSETCATALOG_COMPILER_APPICON_NAME = AppIcon;
				"ASSETCATALOG_COMPILER_APPICON_NAME[sdk=macosx*]" = AppIcon;
				ASSETCATALOG_COMPILER_GLOBAL_ACCENT_COLOR_NAME = AccentColor;
				ASSETCATALOG_COMPILER_INCLUDE_ALL_APPICON_ASSETS = YES;
				"CODE_SIGN_IDENTITY[sdk=macosx*]" = "-";
				CODE_SIGN_STYLE = Manual;
				CURRENT_PROJECT_VERSION = 1;
				DEVELOPMENT_TEAM = "";
				ENABLE_PREVIEWS = YES;
				GENERATE_INFOPLIST_FILE = YES;
				INFOPLIST_KEY_CFBundleDisplayName = "PS5 Nor Tool";
				INFOPLIST_KEY_UIApplicationSceneManifest_Generation = YES;
				INFOPLIST_KEY_UIApplicationSupportsIndirectInputEvents = YES;
				INFOPLIST_KEY_UILaunchScreen_Generation = YES;
				INFOPLIST_KEY_UISupportedInterfaceOrientations_iPad = "UIInterfaceOrientationPortrait UIInterfaceOrientationPortraitUpsideDown UIInterfaceOrientationLandscapeLeft UIInterfaceOrientationLandscapeRight";
				INFOPLIST_KEY_UISupportedInterfaceOrientations_iPhone = "UIInterfaceOrientationPortrait UIInterfaceOrientationLandscapeLeft UIInterfaceOrientationLandscapeRight";
				IPHONEOS_DEPLOYMENT_TARGET = 17.6;
				LD_RUNPATH_SEARCH_PATHS = (
					"$(inherited)",
					"@executable_path/Frameworks",
				);
				MACOSX_DEPLOYMENT_TARGET = 13.5;
				MARKETING_VERSION = 2.1.0;
				PRODUCT_BUNDLE_IDENTIFIER = com.sam.PS5NORMacApp;
				PRODUCT_NAME = "$(TARGET_NAME)";
				PROVISIONING_PROFILE_SPECIFIER = "";
				SUPPORTED_PLATFORMS = macosx;
				SUPPORTS_MACCATALYST = NO;
				SWIFT_EMIT_LOC_STRINGS = YES;
				SWIFT_VERSION = 5.0;
				TARGETED_DEVICE_FAMILY = 2;
			};
			name = Debug;
		};
		A0AF6DFB2DE3A1A500B0D838 /* Release */ = {
			isa = XCBuildConfiguration;
			buildSettings = {
				ASSETCATALOG_COMPILER_APPICON_NAME = AppIcon;
				"ASSETCATALOG_COMPILER_APPICON_NAME[sdk=macosx*]" = AppIcon;
				ASSETCATALOG_COMPILER_GLOBAL_ACCENT_COLOR_NAME = AccentColor;
				ASSETCATALOG_COMPILER_INCLUDE_ALL_APPICON_ASSETS = YES;
				"CODE_SIGN_IDENTITY[sdk=macosx*]" = "-";
				CODE_SIGN_STYLE = Manual;
				CURRENT_PROJECT_VERSION = 1;
				DEVELOPMENT_TEAM = "";
				ENABLE_PREVIEWS = YES;
				GENERATE_INFOPLIST_FILE = YES;
				INFOPLIST_KEY_CFBundleDisplayName = "PS5 Nor Tool";
				INFOPLIST_KEY_UIApplicationSceneManifest_Generation = YES;
				INFOPLIST_KEY_UIApplicationSupportsIndirectInputEvents = YES;
				INFOPLIST_KEY_UILaunchScreen_Generation = YES;
				INFOPLIST_KEY_UISupportedInterfaceOrientations_iPad = "UIInterfaceOrientationPortrait UIInterfaceOrientationPortraitUpsideDown UIInterfaceOrientationLandscapeLeft UIInterfaceOrientationLandscapeRight";
				INFOPLIST_KEY_UISupportedInterfaceOrientations_iPhone = "UIInterfaceOrientationPortrait UIInterfaceOrientationLandscapeLeft UIInterfaceOrientationLandscapeRight";
				IPHONEOS_DEPLOYMENT_TARGET = 17.6;
				LD_RUNPATH_SEARCH_PATHS = (
					"$(inherited)",
					"@executable_path/Frameworks",
				);
				MACOSX_DEPLOYMENT_TARGET = 13.5;
				MARKETING_VERSION = 2.1.0;
				PRODUCT_BUNDLE_IDENTIFIER = com.sam.PS5NORMacApp;
				PRODUCT_NAME = "$(TARGET_NAME)";
				PROVISIONING_PROFILE_SPECIFIER = "";
				SUPPORTED_PLATFORMS = macosx;
				SUPPORTS_MACCATALYST = NO;
				SWIFT_EMIT_LOC_STRINGS = YES;
				SWIFT_VERSION = 5.0;
				TARGETED_DEVICE_FAMILY = 2;
			};
			name = Release;
		};
		A0AF6DFD2DE3A1A500B0D838 /* Debug */ = {
			isa = XCBuildConfiguration;
			buildSettings = {
				BUNDLE_LOADER = "$(TEST_HOST)";
				CODE_SIGN_STYLE = Automatic;
				CURRENT_PROJECT_VERSION = 1;
				DEVELOPMENT_TEAM = K6293UD486;
				GENERATE_INFOPLIST_FILE = YES;
				IPHONEOS_DEPLOYMENT_TARGET = 18.4;
				MARKETING_VERSION = 1.0;
				PRODUCT_BUNDLE_IDENTIFIER = com.sam.PS5NORMacAppTests;
				PRODUCT_NAME = "$(TARGET_NAME)";
				SWIFT_EMIT_LOC_STRINGS = NO;
				SWIFT_VERSION = 5.0;
				TARGETED_DEVICE_FAMILY = "1,2";
				TEST_HOST = "$(BUILT_PRODUCTS_DIR)/PS5NORMacApp.app/$(BUNDLE_EXECUTABLE_FOLDER_PATH)/PS5NORMacApp";
			};
			name = Debug;
		};
		A0AF6DFE2DE3A1A500B0D838 /* Release */ = {
			isa = XCBuildConfiguration;
			buildSettings = {
				BUNDLE_LOADER = "$(TEST_HOST)";
				CODE_SIGN_STYLE = Automatic;
				CURRENT_PROJECT_VERSION = 1;
				DEVELOPMENT_TEAM = K6293UD486;
				GENERATE_INFOPLIST_FILE = YES;
				IPHONEOS_DEPLOYMENT_TARGET = 18.4;
				MARKETING_VERSION = 1.0;
				PRODUCT_BUNDLE_IDENTIFIER = com.sam.PS5NORMacAppTests;
				PRODUCT_NAME = "$(TARGET_NAME)";
				SWIFT_EMIT_LOC_STRINGS = NO;
				SWIFT_VERSION = 5.0;
				TARGETED_DEVICE_FAMILY = "1,2";
				TEST_HOST = "$(BUILT_PRODUCTS_DIR)/PS5NORMacApp.app/$(BUNDLE_EXECUTABLE_FOLDER_PATH)/PS5NORMacApp";
			};
			name = Release;
		};
		A0AF6E002DE3A1A500B0D838 /* Debug */ = {
			isa = XCBuildConfiguration;
			buildSettings = {
				CODE_SIGN_STYLE = Automatic;
				CURRENT_PROJECT_VERSION = 1;
				DEVELOPMENT_TEAM = K6293UD486;
				GENERATE_INFOPLIST_FILE = YES;
				MARKETING_VERSION = 1.0;
				PRODUCT_BUNDLE_IDENTIFIER = com.sam.PS5NORMacAppUITests;
				PRODUCT_NAME = "$(TARGET_NAME)";
				SWIFT_EMIT_LOC_STRINGS = NO;
				SWIFT_VERSION = 5.0;
				TARGETED_DEVICE_FAMILY = "1,2";
				TEST_TARGET_NAME = PS5NORMacApp;
			};
			name = Debug;
		};
		A0AF6E012DE3A1A500B0D838 /* Release */ = {
			isa = XCBuildConfiguration;
			buildSettings = {
				CODE_SIGN_STYLE = Automatic;
				CURRENT_PROJECT_VERSION = 1;
				DEVELOPMENT_TEAM = K6293UD486;
				GENERATE_INFOPLIST_FILE = YES;
				MARKETING_VERSION = 1.0;
				PRODUCT_BUNDLE_IDENTIFIER = com.sam.PS5NORMacAppUITests;
				PRODUCT_NAME = "$(TARGET_NAME)";
				SWIFT_EMIT_LOC_STRINGS = NO;
				SWIFT_VERSION = 5.0;
				TARGETED_DEVICE_FAMILY = "1,2";
				TEST_TARGET_NAME = PS5NORMacApp;
			};
			name = Release;
		};
/* End XCBuildConfiguration section */

/* Begin XCConfigurationList section */
		A0AF6DD32DE3A1A300B0D838 /* Build configuration list for PBXProject "PS5NORMacApp" */ = {
			isa = XCConfigurationList;
			buildConfigurations = (
				A0AF6DF72DE3A1A500B0D838 /* Debug */,
				A0AF6DF82DE3A1A500B0D838 /* Release */,
			);
			defaultConfigurationIsVisible = 0;
			defaultConfigurationName = Release;
		};
		A0AF6DF92DE3A1A500B0D838 /* Build configuration list for PBXNativeTarget "PS5NORMacApp" */ = {
			isa = XCConfigurationList;
			buildConfigurations = (
				A0AF6DFA2DE3A1A500B0D838 /* Debug */,
				A0AF6DFB2DE3A1A500B0D838 /* Release */,
			);
			defaultConfigurationIsVisible = 0;
			defaultConfigurationName = Release;
		};
		A0AF6DFC2DE3A1A500B0D838 /* Build configuration list for PBXNativeTarget "PS5NORMacAppTests" */ = {
			isa = XCConfigurationList;
			buildConfigurations = (
				A0AF6DFD2DE3A1A500B0D838 /* Debug */,
				A0AF6DFE2DE3A1A500B0D838 /* Release */,
			);
			defaultConfigurationIsVisible = 0;
			defaultConfigurationName = Release;
		};
		A0AF6DFF2DE3A1A500B0D838 /* Build configuration list for PBXNativeTarget "PS5NORMacAppUITests" */ = {
			isa = XCConfigurationList;
			buildConfigurations = (
				A0AF6E002DE3A1A500B0D838 /* Debug */,
				A0AF6E012DE3A1A500B0D838 /* Release */,
			);
			defaultConfigurationIsVisible = 0;
			defaultConfigurationName = Release;
		};
/* End XCConfigurationList section */
	};
	rootObject = A0AF6DD02DE3A1A300B0D838 /* Project object */;
}
